
Microsoft Visual Studio Solution File, Format Version 12.00
# Visual Studio 15
VisualStudioVersion = 15.0.27130.2003
MinimumVisualStudioVersion = 10.0.40219.1
Project("{FAE04EC0-301F-11D3-BF4B-00C04F79EFBC}") = "waConcessionaria", "waConcessionaria\waConcessionaria.csproj", "{5D8138C2-F5AB-4AD2-9203-D33D579AED70}"
EndProject
Global
	GlobalSection(SolutionConfigurationPlatforms) = preSolution
		Debug|Any CPU = Debug|Any CPU
		Release|Any CPU = Release|Any CPU
	EndGlobalSection
	GlobalSection(ProjectConfigurationPlatforms) = postSolution
		{5D8138C2-F5AB-4AD2-9203-D33D579AED70}.Debug|Any CPU.ActiveCfg = Debug|Any CPU
		{5D8138C2-F5AB-4AD2-9203-D33D579AED70}.Debug|Any CPU.Build.0 = Debug|Any CPU
		{5D8138C2-F5AB-4AD2-9203-D33D579AED70}.Release|Any CPU.ActiveCfg = Release|Any CPU
		{5D8138C2-F5AB-4AD2-9203-D33D579AED70}.Release|Any CPU.Build.0 = Release|Any CPU
	EndGlobalSection
	GlobalSection(SolutionProperties) = preSolution
		HideSolutionNode = FALSE
	EndGlobalSection
	GlobalSection(ExtensibilityGlobals) = postSolution
		SolutionGuid = {710C24AF-8663-4A95-9D60-D548ED9B8212}
	EndGlobalSection
EndGlobal
